// !$*UTF8*$!
{
	archiveVersion = 1;
	classes = {
	};
	objectVersion = 56;
	objects = {

/* Begin PBXBuildFile section */
		1A1F42E129CDB8DA00898116 /* bbp_expenseTrackerApp.swift in Sources */ = {isa = PBXBuildFile; fileRef = 1A1F42E029CDB8DA00898116 /* bbp_expenseTrackerApp.swift */; };
		1A1F42E329CDB8DA00898116 /* ContentView.swift in Sources */ = {isa = PBXBuildFile; fileRef = 1A1F42E229CDB8DA00898116 /* ContentView.swift */; };
		1A1F42E529CDB8DC00898116 /* Assets.xcassets in Resources */ = {isa = PBXBuildFile; fileRef = 1A1F42E429CDB8DC00898116 /* Assets.xcassets */; };
		1A1F42E829CDB8DC00898116 /* Preview Assets.xcassets in Resources */ = {isa = PBXBuildFile; fileRef = 1A1F42E729CDB8DC00898116 /* Preview Assets.xcassets */; };
		1A1F42EA29CDB8DC00898116 /* Persistence.swift in Sources */ = {isa = PBXBuildFile; fileRef = 1A1F42E929CDB8DC00898116 /* Persistence.swift */; };
		1A1F42ED29CDB8DC00898116 /* bbp_expenseTracker.xcdatamodeld in Sources */ = {isa = PBXBuildFile; fileRef = 1A1F42EB29CDB8DC00898116 /* bbp_expenseTracker.xcdatamodeld */; };
		1A1F42F629CF580D00898116 /* SettingsView.swift in Sources */ = {isa = PBXBuildFile; fileRef = 1A1F42F529CF580D00898116 /* SettingsView.swift */; };
		1A1F42F829CF5A5A00898116 /* VisitView.swift in Sources */ = {isa = PBXBuildFile; fileRef = 1A1F42F729CF5A5A00898116 /* VisitView.swift */; };
		1A1F42FA29CFA8D200898116 /* ShoppingListView.swift in Sources */ = {isa = PBXBuildFile; fileRef = 1A1F42F929CFA8D200898116 /* ShoppingListView.swift */; };
		1A1F42FE29CFACE700898116 /* ShoppingListItem.swift in Sources */ = {isa = PBXBuildFile; fileRef = 1A1F42FD29CFACE700898116 /* ShoppingListItem.swift */; };
		1A1F430029CFAD0200898116 /* ShoppingListViewModel.swift in Sources */ = {isa = PBXBuildFile; fileRef = 1A1F42FF29CFAD0200898116 /* ShoppingListViewModel.swift */; };
		1A1F430229CFAD3000898116 /* ShoppingListItemView.swift in Sources */ = {isa = PBXBuildFile; fileRef = 1A1F430129CFAD3000898116 /* ShoppingListItemView.swift */; };
		1A1F430429CFADCA00898116 /* EditItemView.swift in Sources */ = {isa = PBXBuildFile; fileRef = 1A1F430329CFADCA00898116 /* EditItemView.swift */; };
		1A1F430629CFADE300898116 /* AddItemView.swift in Sources */ = {isa = PBXBuildFile; fileRef = 1A1F430529CFADE300898116 /* AddItemView.swift */; };
/* End PBXBuildFile section */

/* Begin PBXFileReference section */
		1A1F42DD29CDB8DA00898116 /* bbp.expenseTracker.app */ = {isa = PBXFileReference; explicitFileType = wrapper.application; includeInIndex = 0; path = bbp.expenseTracker.app; sourceTree = BUILT_PRODUCTS_DIR; };
		1A1F42E029CDB8DA00898116 /* bbp_expenseTrackerApp.swift */ = {isa = PBXFileReference; lastKnownFileType = sourcecode.swift; path = bbp_expenseTrackerApp.swift; sourceTree = "<group>"; };
		1A1F42E229CDB8DA00898116 /* ContentView.swift */ = {isa = PBXFileReference; lastKnownFileType = sourcecode.swift; path = ContentView.swift; sourceTree = "<group>"; };
		1A1F42E429CDB8DC00898116 /* Assets.xcassets */ = {isa = PBXFileReference; lastKnownFileType = folder.assetcatalog; path = Assets.xcassets; sourceTree = "<group>"; };
		1A1F42E729CDB8DC00898116 /* Preview Assets.xcassets */ = {isa = PBXFileReference; lastKnownFileType = folder.assetcatalog; path = "Preview Assets.xcassets"; sourceTree = "<group>"; };
		1A1F42E929CDB8DC00898116 /* Persistence.swift */ = {isa = PBXFileReference; lastKnownFileType = sourcecode.swift; path = Persistence.swift; sourceTree = "<group>"; };
		1A1F42EC29CDB8DC00898116 /* bbp_expenseTracker.xcdatamodel */ = {isa = PBXFileReference; lastKnownFileType = wrapper.xcdatamodel; path = bbp_expenseTracker.xcdatamodel; sourceTree = "<group>"; };
		1A1F42F529CF580D00898116 /* SettingsView.swift */ = {isa = PBXFileReference; lastKnownFileType = sourcecode.swift; path = SettingsView.swift; sourceTree = "<group>"; };
		1A1F42F729CF5A5A00898116 /* VisitView.swift */ = {isa = PBXFileReference; lastKnownFileType = sourcecode.swift; path = VisitView.swift; sourceTree = "<group>"; };
		1A1F42F929CFA8D200898116 /* ShoppingListView.swift */ = {isa = PBXFileReference; lastKnownFileType = sourcecode.swift; path = ShoppingListView.swift; sourceTree = "<group>"; };
		1A1F42FD29CFACE700898116 /* ShoppingListItem.swift */ = {isa = PBXFileReference; lastKnownFileType = sourcecode.swift; path = ShoppingListItem.swift; sourceTree = "<group>"; };
		1A1F42FF29CFAD0200898116 /* ShoppingListViewModel.swift */ = {isa = PBXFileReference; lastKnownFileType = sourcecode.swift; path = ShoppingListViewModel.swift; sourceTree = "<group>"; };
		1A1F430129CFAD3000898116 /* ShoppingListItemView.swift */ = {isa = PBXFileReference; lastKnownFileType = sourcecode.swift; path = ShoppingListItemView.swift; sourceTree = "<group>"; };
		1A1F430329CFADCA00898116 /* EditItemView.swift */ = {isa = PBXFileReference; lastKnownFileType = sourcecode.swift; path = EditItemView.swift; sourceTree = "<group>"; };
		1A1F430529CFADE300898116 /* AddItemView.swift */ = {isa = PBXFileReference; lastKnownFileType = sourcecode.swift; path = AddItemView.swift; sourceTree = "<group>"; };
/* End PBXFileReference section */

/* Begin PBXFrameworksBuildPhase section */
		1A1F42DA29CDB8DA00898116 /* Frameworks */ = {
			isa = PBXFrameworksBuildPhase;
			buildActionMask = 2147483647;
			files = (
			);
			runOnlyForDeploymentPostprocessing = 0;
		};
/* End PBXFrameworksBuildPhase section */

/* Begin PBXGroup section */
		1A1F42D429CDB8DA00898116 = {
			isa = PBXGroup;
			children = (
				1A1F42DF29CDB8DA00898116 /* bbp.expenseTracker */,
				1A1F42DE29CDB8DA00898116 /* Products */,
			);
			sourceTree = "<group>";
		};
		1A1F42DE29CDB8DA00898116 /* Products */ = {
			isa = PBXGroup;
			children = (
				1A1F42DD29CDB8DA00898116 /* bbp.expenseTracker.app */,
			);
			name = Products;
			sourceTree = "<group>";
		};
		1A1F42DF29CDB8DA00898116 /* bbp.expenseTracker */ = {
			isa = PBXGroup;
			children = (
				1A1F42FC29CFACBB00898116 /* viewModels */,
				1A1F42FB29CFACB000898116 /* models */,
				1A1F42E029CDB8DA00898116 /* bbp_expenseTrackerApp.swift */,
				1A1F42E229CDB8DA00898116 /* ContentView.swift */,
				1A1F42E429CDB8DC00898116 /* Assets.xcassets */,
				1A1F42E929CDB8DC00898116 /* Persistence.swift */,
				1A1F42EB29CDB8DC00898116 /* bbp_expenseTracker.xcdatamodeld */,
				1A1F42E629CDB8DC00898116 /* Preview Content */,
				1A1F42F529CF580D00898116 /* SettingsView.swift */,
				1A1F42F729CF5A5A00898116 /* VisitView.swift */,
				1A1F42F929CFA8D200898116 /* ShoppingListView.swift */,
				1A1F430129CFAD3000898116 /* ShoppingListItemView.swift */,
				1A1F430329CFADCA00898116 /* EditItemView.swift */,
				1A1F430529CFADE300898116 /* AddItemView.swift */,
			);
			path = bbp.expenseTracker;
			sourceTree = "<group>";
		};
		1A1F42E629CDB8DC00898116 /* Preview Content */ = {
			isa = PBXGroup;
			children = (
				1A1F42E729CDB8DC00898116 /* Preview Assets.xcassets */,
			);
			path = "Preview Content";
			sourceTree = "<group>";
		};
		1A1F42FB29CFACB000898116 /* models */ = {
			isa = PBXGroup;
			children = (
				1A1F42FD29CFACE700898116 /* ShoppingListItem.swift */,
			);
			path = models;
			sourceTree = "<group>";
		};
		1A1F42FC29CFACBB00898116 /* viewModels */ = {
			isa = PBXGroup;
			children = (
				1A1F42FF29CFAD0200898116 /* ShoppingListViewModel.swift */,
			);
			path = viewModels;
			sourceTree = "<group>";
		};
/* End PBXGroup section */

/* Begin PBXNativeTarget section */
		1A1F42DC29CDB8DA00898116 /* bbp.expenseTracker */ = {
			isa = PBXNativeTarget;
			buildConfigurationList = 1A1F42F029CDB8DC00898116 /* Build configuration list for PBXNativeTarget "bbp.expenseTracker" */;
			buildPhases = (
				1A1F42D929CDB8DA00898116 /* Sources */,
				1A1F42DA29CDB8DA00898116 /* Frameworks */,
				1A1F42DB29CDB8DA00898116 /* Resources */,
			);
			buildRules = (
			);
			dependencies = (
			);
			name = bbp.expenseTracker;
			productName = bbp.expenseTracker;
			productReference = 1A1F42DD29CDB8DA00898116 /* bbp.expenseTracker.app */;
			productType = "com.apple.product-type.application";
		};
/* End PBXNativeTarget section */

/* Begin PBXProject section */
		1A1F42D529CDB8DA00898116 /* Project object */ = {
			isa = PBXProject;
			attributes = {
				BuildIndependentTargetsInParallel = 1;
				LastSwiftUpdateCheck = 1420;
				LastUpgradeCheck = 1420;
				TargetAttributes = {
					1A1F42DC29CDB8DA00898116 = {
						CreatedOnToolsVersion = 14.2;
					};
				};
			};
			buildConfigurationList = 1A1F42D829CDB8DA00898116 /* Build configuration list for PBXProject "bbp.expenseTracker" */;
			compatibilityVersion = "Xcode 14.0";
			developmentRegion = en;
			hasScannedForEncodings = 0;
			knownRegions = (
				en,
				Base,
			);
			mainGroup = 1A1F42D429CDB8DA00898116;
			productRefGroup = 1A1F42DE29CDB8DA00898116 /* Products */;
			projectDirPath = "";
			projectRoot = "";
			targets = (
				1A1F42DC29CDB8DA00898116 /* bbp.expenseTracker */,
			);
		};
/* End PBXProject section */

/* Begin PBXResourcesBuildPhase section */
		1A1F42DB29CDB8DA00898116 /* Resources */ = {
			isa = PBXResourcesBuildPhase;
			buildActionMask = 2147483647;
			files = (
				1A1F42E829CDB8DC00898116 /* Preview Assets.xcassets in Resources */,
				1A1F42E529CDB8DC00898116 /* Assets.xcassets in Resources */,
			);
			runOnlyForDeploymentPostprocessing = 0;
		};
/* End PBXResourcesBuildPhase section */

/* Begin PBXSourcesBuildPhase section */
		1A1F42D929CDB8DA00898116 /* Sources */ = {
			isa = PBXSourcesBuildPhase;
			buildActionMask = 2147483647;
			files = (
				1A1F42F829CF5A5A00898116 /* VisitView.swift in Sources */,
				1A1F42FA29CFA8D200898116 /* ShoppingListView.swift in Sources */,
				1A1F42F629CF580D00898116 /* SettingsView.swift in Sources */,
				1A1F42EA29CDB8DC00898116 /* Persistence.swift in Sources */,
				1A1F430029CFAD0200898116 /* ShoppingListViewModel.swift in Sources */,
				1A1F430229CFAD3000898116 /* ShoppingListItemView.swift in Sources */,
				1A1F430429CFADCA00898116 /* EditItemView.swift in Sources */,
				1A1F430629CFADE300898116 /* AddItemView.swift in Sources */,
				1A1F42FE29CFACE700898116 /* ShoppingListItem.swift in Sources */,
				1A1F42E329CDB8DA00898116 /* ContentView.swift in Sources */,
				1A1F42ED29CDB8DC00898116 /* bbp_expenseTracker.xcdatamodeld in Sources */,
				1A1F42E129CDB8DA00898116 /* bbp_expenseTrackerApp.swift in Sources */,
			);
			runOnlyForDeploymentPostprocessing = 0;
		};
/* End PBXSourcesBuildPhase section */

/* Begin XCBuildConfiguration section */
		1A1F42EE29CDB8DC00898116 /* Debug */ = {
			isa = XCBuildConfiguration;
			buildSettings = {
				ALWAYS_SEARCH_USER_PATHS = NO;
				CLANG_ANALYZER_NONNULL = YES;
				CLANG_ANALYZER_NUMBER_OBJECT_CONVERSION = YES_AGGRESSIVE;
				CLANG_CXX_LANGUAGE_STANDARD = "gnu++20";
				CLANG_ENABLE_MODULES = YES;
				CLANG_ENABLE_OBJC_ARC = YES;
				CLANG_ENABLE_OBJC_WEAK = YES;
				CLANG_WARN_BLOCK_CAPTURE_AUTORELEASING = YES;
				CLANG_WARN_BOOL_CONVERSION = YES;
				CLANG_WARN_COMMA = YES;
				CLANG_WARN_CONSTANT_CONVERSION = YES;
				CLANG_WARN_DEPRECATED_OBJC_IMPLEMENTATIONS = YES;
				CLANG_WARN_DIRECT_OBJC_ISA_USAGE = YES_ERROR;
				CLANG_WARN_DOCUMENTATION_COMMENTS = YES;
				CLANG_WARN_EMPTY_BODY = YES;
				CLANG_WARN_ENUM_CONVERSION = YES;
				CLANG_WARN_INFINITE_RECURSION = YES;
				CLANG_WARN_INT_CONVERSION = YES;
				CLANG_WARN_NON_LITERAL_NULL_CONVERSION = YES;
				CLANG_WARN_OBJC_IMPLICIT_RETAIN_SELF = YES;
				CLANG_WARN_OBJC_LITERAL_CONVERSION = YES;
				CLANG_WARN_OBJC_ROOT_CLASS = YES_ERROR;
				CLANG_WARN_QUOTED_INCLUDE_IN_FRAMEWORK_HEADER = YES;
				CLANG_WARN_RANGE_LOOP_ANALYSIS = YES;
				CLANG_WARN_STRICT_PROTOTYPES = YES;
				CLANG_WARN_SUSPICIOUS_MOVE = YES;
				CLANG_WARN_UNGUARDED_AVAILABILITY = YES_AGGRESSIVE;
				CLANG_WARN_UNREACHABLE_CODE = YES;
				CLANG_WARN__DUPLICATE_METHOD_MATCH = YES;
				COPY_PHASE_STRIP = NO;
				DEBUG_INFORMATION_FORMAT = dwarf;
				ENABLE_STRICT_OBJC_MSGSEND = YES;
				ENABLE_TESTABILITY = YES;
				GCC_C_LANGUAGE_STANDARD = gnu11;
				GCC_DYNAMIC_NO_PIC = NO;
				GCC_NO_COMMON_BLOCKS = YES;
				GCC_OPTIMIZATION_LEVEL = 0;
				GCC_PREPROCESSOR_DEFINITIONS = (
					"DEBUG=1",
					"$(inherited)",
				);
				GCC_WARN_64_TO_32_BIT_CONVERSION = YES;
				GCC_WARN_ABOUT_RETURN_TYPE = YES_ERROR;
				GCC_WARN_UNDECLARED_SELECTOR = YES;
				GCC_WARN_UNINITIALIZED_AUTOS = YES_AGGRESSIVE;
				GCC_WARN_UNUSED_FUNCTION = YES;
				GCC_WARN_UNUSED_VARIABLE = YES;
				IPHONEOS_DEPLOYMENT_TARGET = 16.2;
				MTL_ENABLE_DEBUG_INFO = INCLUDE_SOURCE;
				MTL_FAST_MATH = YES;
				ONLY_ACTIVE_ARCH = YES;
				SDKROOT = iphoneos;
				SWIFT_ACTIVE_COMPILATION_CONDITIONS = DEBUG;
				SWIFT_OPTIMIZATION_LEVEL = "-Onone";
			};
			name = Debug;
		};
		1A1F42EF29CDB8DC00898116 /* Release */ = {
			isa = XCBuildConfiguration;
			buildSettings = {
				ALWAYS_SEARCH_USER_PATHS = NO;
				CLANG_ANALYZER_NONNULL = YES;
				CLANG_ANALYZER_NUMBER_OBJECT_CONVERSION = YES_AGGRESSIVE;
				CLANG_CXX_LANGUAGE_STANDARD = "gnu++20";
				CLANG_ENABLE_MODULES = YES;
				CLANG_ENABLE_OBJC_ARC = YES;
				CLANG_ENABLE_OBJC_WEAK = YES;
				CLANG_WARN_BLOCK_CAPTURE_AUTORELEASING = YES;
				CLANG_WARN_BOOL_CONVERSION = YES;
				CLANG_WARN_COMMA = YES;
				CLANG_WARN_CONSTANT_CONVERSION = YES;
				CLANG_WARN_DEPRECATED_OBJC_IMPLEMENTATIONS = YES;
				CLANG_WARN_DIRECT_OBJC_ISA_USAGE = YES_ERROR;
				CLANG_WARN_DOCUMENTATION_COMMENTS = YES;
				CLANG_WARN_EMPTY_BODY = YES;
				CLANG_WARN_ENUM_CONVERSION = YES;
				CLANG_WARN_INFINITE_RECURSION = YES;
				CLANG_WARN_INT_CONVERSION = YES;
				CLANG_WARN_NON_LITERAL_NULL_CONVERSION = YES;
				CLANG_WARN_OBJC_IMPLICIT_RETAIN_SELF = YES;
				CLANG_WARN_OBJC_LITERAL_CONVERSION = YES;
				CLANG_WARN_OBJC_ROOT_CLASS = YES_ERROR;
				CLANG_WARN_QUOTED_INCLUDE_IN_FRAMEWORK_HEADER = YES;
				CLANG_WARN_RANGE_LOOP_ANALYSIS = YES;
				CLANG_WARN_STRICT_PROTOTYPES = YES;
				CLANG_WARN_SUSPICIOUS_MOVE = YES;
				CLANG_WARN_UNGUARDED_AVAILABILITY = YES_AGGRESSIVE;
				CLANG_WARN_UNREACHABLE_CODE = YES;
				CLANG_WARN__DUPLICATE_METHOD_MATCH = YES;
				COPY_PHASE_STRIP = NO;
				DEBUG_INFORMATION_FORMAT = "dwarf-with-dsym";
				ENABLE_NS_ASSERTIONS = NO;
				ENABLE_STRICT_OBJC_MSGSEND = YES;
				GCC_C_LANGUAGE_STANDARD = gnu11;
				GCC_NO_COMMON_BLOCKS = YES;
				GCC_WARN_64_TO_32_BIT_CONVERSION = YES;
				GCC_WARN_ABOUT_RETURN_TYPE = YES_ERROR;
				GCC_WARN_UNDECLARED_SELECTOR = YES;
				GCC_WARN_UNINITIALIZED_AUTOS = YES_AGGRESSIVE;
				GCC_WARN_UNUSED_FUNCTION = YES;
				GCC_WARN_UNUSED_VARIABLE = YES;
				IPHONEOS_DEPLOYMENT_TARGET = 16.2;
				MTL_ENABLE_DEBUG_INFO = NO;
				MTL_FAST_MATH = YES;
				SDKROOT = iphoneos;
				SWIFT_COMPILATION_MODE = wholemodule;
				SWIFT_OPTIMIZATION_LEVEL = "-O";
				VALIDATE_PRODUCT = YES;
			};
			name = Release;
		};
		1A1F42F129CDB8DC00898116 /* Debug */ = {
			isa = XCBuildConfiguration;
			buildSettings = {
				ASSETCATALOG_COMPILER_APPICON_NAME = AppIcon;
				ASSETCATALOG_COMPILER_GLOBAL_ACCENT_COLOR_NAME = AccentColor;
				CODE_SIGN_STYLE = Automatic;
				CURRENT_PROJECT_VERSION = 1;
				DEVELOPMENT_ASSET_PATHS = "\"bbp.expenseTracker/Preview Content\"";
				DEVELOPMENT_TEAM = TX6723V98J;
				ENABLE_PREVIEWS = YES;
				GENERATE_INFOPLIST_FILE = YES;
				INFOPLIST_KEY_UIApplicationSceneManifest_Generation = YES;
				INFOPLIST_KEY_UIApplicationSupportsIndirectInputEvents = YES;
				INFOPLIST_KEY_UILaunchScreen_Generation = YES;
				INFOPLIST_KEY_UISupportedInterfaceOrientations_iPad = "UIInterfaceOrientationPortrait UIInterfaceOrientationPortraitUpsideDown UIInterfaceOrientationLandscapeLeft UIInterfaceOrientationLandscapeRight";
				INFOPLIST_KEY_UISupportedInterfaceOrientations_iPhone = "UIInterfaceOrientationPortrait UIInterfaceOrientationLandscapeLeft UIInterfaceOrientationLandscapeRight";
				LD_RUNPATH_SEARCH_PATHS = (
					"$(inherited)",
					"@executable_path/Frameworks",
				);
				MARKETING_VERSION = 1.0;
				PRODUCT_BUNDLE_IDENTIFIER = "com.opd.bbp-expenseTracker";
				PRODUCT_NAME = "$(TARGET_NAME)";
				SWIFT_EMIT_LOC_STRINGS = YES;
				SWIFT_VERSION = 5.0;
				TARGETED_DEVICE_FAMILY = "1,2";
			};
			name = Debug;
		};
		1A1F42F229CDB8DC00898116 /* Release */ = {
			isa = XCBuildConfiguration;
			buildSettings = {
				ASSETCATALOG_COMPILER_APPICON_NAME = AppIcon;
				ASSETCATALOG_COMPILER_GLOBAL_ACCENT_COLOR_NAME = AccentColor;
				CODE_SIGN_STYLE = Automatic;
				CURRENT_PROJECT_VERSION = 1;
				DEVELOPMENT_ASSET_PATHS = "\"bbp.expenseTracker/Preview Content\"";
				DEVELOPMENT_TEAM = TX6723V98J;
				ENABLE_PREVIEWS = YES;
				GENERATE_INFOPLIST_FILE = YES;
				INFOPLIST_KEY_UIApplicationSceneManifest_Generation = YES;
				INFOPLIST_KEY_UIApplicationSupportsIndirectInputEvents = YES;
				INFOPLIST_KEY_UILaunchScreen_Generation = YES;
				INFOPLIST_KEY_UISupportedInterfaceOrientations_iPad = "UIInterfaceOrientationPortrait UIInterfaceOrientationPortraitUpsideDown UIInterfaceOrientationLandscapeLeft UIInterfaceOrientationLandscapeRight";
				INFOPLIST_KEY_UISupportedInterfaceOrientations_iPhone = "UIInterfaceOrientationPortrait UIInterfaceOrientationLandscapeLeft UIInterfaceOrientationLandscapeRight";
				LD_RUNPATH_SEARCH_PATHS = (
					"$(inherited)",
					"@executable_path/Frameworks",
				);
				MARKETING_VERSION = 1.0;
				PRODUCT_BUNDLE_IDENTIFIER = "com.opd.bbp-expenseTracker";
				PRODUCT_NAME = "$(TARGET_NAME)";
				SWIFT_EMIT_LOC_STRINGS = YES;
				SWIFT_VERSION = 5.0;
				TARGETED_DEVICE_FAMILY = "1,2";
			};
			name = Release;
		};
/* End XCBuildConfiguration section */

/* Begin XCConfigurationList section */
		1A1F42D829CDB8DA00898116 /* Build configuration list for PBXProject "bbp.expenseTracker" */ = {
			isa = XCConfigurationList;
			buildConfigurations = (
				1A1F42EE29CDB8DC00898116 /* Debug */,
				1A1F42EF29CDB8DC00898116 /* Release */,
			);
			defaultConfigurationIsVisible = 0;
			defaultConfigurationName = Release;
		};
		1A1F42F029CDB8DC00898116 /* Build configuration list for PBXNativeTarget "bbp.expenseTracker" */ = {
			isa = XCConfigurationList;
			buildConfigurations = (
				1A1F42F129CDB8DC00898116 /* Debug */,
				1A1F42F229CDB8DC00898116 /* Release */,
			);
			defaultConfigurationIsVisible = 0;
			defaultConfigurationName = Release;
		};
/* End XCConfigurationList section */

/* Begin XCVersionGroup section */
		1A1F42EB29CDB8DC00898116 /* bbp_expenseTracker.xcdatamodeld */ = {
			isa = XCVersionGroup;
			children = (
				1A1F42EC29CDB8DC00898116 /* bbp_expenseTracker.xcdatamodel */,
			);
			currentVersion = 1A1F42EC29CDB8DC00898116 /* bbp_expenseTracker.xcdatamodel */;
			path = bbp_expenseTracker.xcdatamodeld;
			sourceTree = "<group>";
			versionGroupType = wrapper.xcdatamodel;
		};
/* End XCVersionGroup section */
	};
	rootObject = 1A1F42D529CDB8DA00898116 /* Project object */;
}
