// !$*UTF8*$!
{
	archiveVersion = 1;
	classes = {
	};
	objectVersion = 56;
	objects = {

/* Begin PBXBuildFile section */
		1A1F42E129CDB8DA00898116 /* bbp_expenseTrackerApp.swift in Sources */ = {isa = PBXBuildFile; fileRef = 1A1F42E029CDB8DA00898116 /* bbp_expenseTrackerApp.swift */; };
		1A1F42E329CDB8DA00898116 /* ContentView.swift in Sources */ = {isa = PBXBuildFile; fileRef = 1A1F42E229CDB8DA00898116 /* ContentView.swift */; };
		1A1F42E529CDB8DC00898116 /* Assets.xcassets in Resources */ = {isa = PBXBuildFile; fileRef = 1A1F42E429CDB8DC00898116 /* Assets.xcassets */; };
		1A1F42E829CDB8DC00898116 /* Preview Assets.xcassets in Resources */ = {isa = PBXBuildFile; fileRef = 1A1F42E729CDB8DC00898116 /* Preview Assets.xcassets */; };
		1A1F42EA29CDB8DC00898116 /* Persistence.swift in Sources */ = {isa = PBXBuildFile; fileRef = 1A1F42E929CDB8DC00898116 /* Persistence.swift */; };
		1A1F42ED29CDB8DC00898116 /* bbp_expenseTracker.xcdatamodeld in Sources */ = {isa = PBXBuildFile; fileRef = 1A1F42EB29CDB8DC00898116 /* bbp_expenseTracker.xcdatamodeld */; };
		1A1F42F629CF580D00898116 /* SettingsView.swift in Sources */ = {isa = PBXBuildFile; fileRef = 1A1F42F529CF580D00898116 /* SettingsView.swift */; };
		1A1F42F829CF5A5A00898116 /* VisitView.swift in Sources */ = {isa = PBXBuildFile; fileRef = 1A1F42F729CF5A5A00898116 /* VisitView.swift */; };
		1A1F42FA29CFA8D200898116 /* ShoppingListView.swift in Sources */ = {isa = PBXBuildFile; fileRef = 1A1F42F929CFA8D200898116 /* ShoppingListView.swift */; };
		1A1F42FE29CFACE700898116 /* ShoppingListItem.swift in Sources */ = {isa = PBXBuildFile; fileRef = 1A1F42FD29CFACE700898116 /* ShoppingListItem.swift */; };
		1A1F430029CFAD0200898116 /* ShoppingListViewModel.swift in Sources */ = {isa = PBXBuildFile; fileRef = 1A1F42FF29CFAD0200898116 /* ShoppingListViewModel.swift */; };
		1A1F430229CFAD3000898116 /* ShoppingListItemView.swift in Sources */ = {isa = PBXBuildFile; fileRef = 1A1F430129CFAD3000898116 /* ShoppingListItemView.swift */; };
		1A1F430429CFADCA00898116 /* EditItemView.swift in Sources */ = {isa = PBXBuildFile; fileRef = 1A1F430329CFADCA00898116 /* EditItemView.swift */; };
		1A1F430629CFADE300898116 /* AddItemView.swift in Sources */ = {isa = PBXBuildFile; fileRef = 1A1F430529CFADE300898116 /* AddItemView.swift */; };
		1A1F430829D0984F00898116 /* Visiter.swift in Sources */ = {isa = PBXBuildFile; fileRef = 1A1F430729D0984F00898116 /* Visiter.swift */; };
		1A1F430A29D0986F00898116 /* VisiterViewModel.swift in Sources */ = {isa = PBXBuildFile; fileRef = 1A1F430929D0986F00898116 /* VisiterViewModel.swift */; };
		1A1F430E29D098B300898116 /* VisiterView.swift in Sources */ = {isa = PBXBuildFile; fileRef = 1A1F430D29D098B300898116 /* VisiterView.swift */; };
		1A1F431029D098F400898116 /* AddVisiterView.swift in Sources */ = {isa = PBXBuildFile; fileRef = 1A1F430F29D098F400898116 /* AddVisiterView.swift */; };
		1A1F431229D0997900898116 /* EditVisiterView.swift in Sources */ = {isa = PBXBuildFile; fileRef = 1A1F431129D0997900898116 /* EditVisiterView.swift */; };
		1A1F432029D100E200898116 /* PaymentType.swift in Sources */ = {isa = PBXBuildFile; fileRef = 1A1F431C29D100E200898116 /* PaymentType.swift */; };
		1A1F432129D100E200898116 /* UnitType.swift in Sources */ = {isa = PBXBuildFile; fileRef = 1A1F431D29D100E200898116 /* UnitType.swift */; };
		1A1F432229D100E200898116 /* ItemType.swift in Sources */ = {isa = PBXBuildFile; fileRef = 1A1F431E29D100E200898116 /* ItemType.swift */; };
		1A1F432329D100E200898116 /* Store.swift in Sources */ = {isa = PBXBuildFile; fileRef = 1A1F431F29D100E200898116 /* Store.swift */; };
		1A1F432829D1010200898116 /* ItemTypeViewModel.swift in Sources */ = {isa = PBXBuildFile; fileRef = 1A1F432429D1010200898116 /* ItemTypeViewModel.swift */; };
		1A1F432929D1010200898116 /* StoreViewModel.swift in Sources */ = {isa = PBXBuildFile; fileRef = 1A1F432529D1010200898116 /* StoreViewModel.swift */; };
		1A1F432A29D1010200898116 /* PaymentTypeViewModel.swift in Sources */ = {isa = PBXBuildFile; fileRef = 1A1F432629D1010200898116 /* PaymentTypeViewModel.swift */; };
		1A1F432B29D1010200898116 /* UnitTypeViewModel.swift in Sources */ = {isa = PBXBuildFile; fileRef = 1A1F432729D1010200898116 /* UnitTypeViewModel.swift */; };
		1A1F432F29D1037800898116 /* AddItemTypeView.swift in Sources */ = {isa = PBXBuildFile; fileRef = 1A1F432D29D1037800898116 /* AddItemTypeView.swift */; };
		1A1F433029D1037800898116 /* ItemTypeView.swift in Sources */ = {isa = PBXBuildFile; fileRef = 1A1F432C29D1037800898116 /* ItemTypeView.swift */; };
		1A1F433129D1037800898116 /* EditItemTypeView.swift in Sources */ = {isa = PBXBuildFile; fileRef = 1A1F432E29D1037800898116 /* EditItemTypeView.swift */; };
		1A1F433529D1037D00898116 /* EditPaymentTypeView.swift in Sources */ = {isa = PBXBuildFile; fileRef = 1A1F433329D1037D00898116 /* EditPaymentTypeView.swift */; };
		1A1F433629D1037D00898116 /* AddPaymentTypeView.swift in Sources */ = {isa = PBXBuildFile; fileRef = 1A1F433229D1037C00898116 /* AddPaymentTypeView.swift */; };
		1A1F433729D1037D00898116 /* PaymentTypeView.swift in Sources */ = {isa = PBXBuildFile; fileRef = 1A1F433429D1037D00898116 /* PaymentTypeView.swift */; };
		1A1F433B29D1038100898116 /* AddUnitTypeView.swift in Sources */ = {isa = PBXBuildFile; fileRef = 1A1F433829D1038100898116 /* AddUnitTypeView.swift */; };
		1A1F433C29D1038100898116 /* UnitTypeView.swift in Sources */ = {isa = PBXBuildFile; fileRef = 1A1F433A29D1038100898116 /* UnitTypeView.swift */; };
		1A1F433D29D1038100898116 /* EditUnitTypeView.swift in Sources */ = {isa = PBXBuildFile; fileRef = 1A1F433929D1038100898116 /* EditUnitTypeView.swift */; };
		1A1F434129D1038500898116 /* AddStoreView.swift in Sources */ = {isa = PBXBuildFile; fileRef = 1A1F433E29D1038400898116 /* AddStoreView.swift */; };
		1A1F434229D1038500898116 /* EditStoreView.swift in Sources */ = {isa = PBXBuildFile; fileRef = 1A1F433F29D1038500898116 /* EditStoreView.swift */; };
		1A1F434329D1038500898116 /* StoreView.swift in Sources */ = {isa = PBXBuildFile; fileRef = 1A1F434029D1038500898116 /* StoreView.swift */; };
		1A1F434929D28C7F00898116 /* ExpenseItem.swift in Sources */ = {isa = PBXBuildFile; fileRef = 1A1F434829D28C7F00898116 /* ExpenseItem.swift */; };
		1A1F434B29D28C9900898116 /* ExpenseItemViewModel.swift in Sources */ = {isa = PBXBuildFile; fileRef = 1A1F434A29D28C9900898116 /* ExpenseItemViewModel.swift */; };
		1A1F434D29D28CB300898116 /* StoreVisitView.swift in Sources */ = {isa = PBXBuildFile; fileRef = 1A1F434C29D28CB300898116 /* StoreVisitView.swift */; };
		1A1F435029D2909600898116 /* MultiSelectPicker.swift in Sources */ = {isa = PBXBuildFile; fileRef = 1A1F434F29D2909600898116 /* MultiSelectPicker.swift */; };
		1A1F435329D454ED00898116 /* AddExpenseItemView.swift in Sources */ = {isa = PBXBuildFile; fileRef = 1A1F435229D454ED00898116 /* AddExpenseItemView.swift */; };
		1A1F435529D4737800898116 /* ExpenseItemsListView.swift in Sources */ = {isa = PBXBuildFile; fileRef = 1A1F435429D4737800898116 /* ExpenseItemsListView.swift */; };
		1A1F435729D473B500898116 /* EditExpenseItemView.swift in Sources */ = {isa = PBXBuildFile; fileRef = 1A1F435629D473B500898116 /* EditExpenseItemView.swift */; };
		1AF4BD6029D506EF00B6EA23 /* ExpensesView.swift in Sources */ = {isa = PBXBuildFile; fileRef = 1AF4BD5F29D506EF00B6EA23 /* ExpensesView.swift */; };
		1AF4BD6229D5B8B400B6EA23 /* StoreVisit.swift in Sources */ = {isa = PBXBuildFile; fileRef = 1AF4BD6129D5B8B400B6EA23 /* StoreVisit.swift */; };
		1AF4BD6429D5B8D200B6EA23 /* StoreVisitViewModel.swift in Sources */ = {isa = PBXBuildFile; fileRef = 1AF4BD6329D5B8D200B6EA23 /* StoreVisitViewModel.swift */; };
		1AF4BD6629D5B8F400B6EA23 /* StoreVisitListView.swift in Sources */ = {isa = PBXBuildFile; fileRef = 1AF4BD6529D5B8F400B6EA23 /* StoreVisitListView.swift */; };
/* End PBXBuildFile section */

/* Begin PBXFileReference section */
		1A1F42DD29CDB8DA00898116 /* bbp.expenseTracker.app */ = {isa = PBXFileReference; explicitFileType = wrapper.application; includeInIndex = 0; path = bbp.expenseTracker.app; sourceTree = BUILT_PRODUCTS_DIR; };
		1A1F42E029CDB8DA00898116 /* bbp_expenseTrackerApp.swift */ = {isa = PBXFileReference; lastKnownFileType = sourcecode.swift; path = bbp_expenseTrackerApp.swift; sourceTree = "<group>"; };
		1A1F42E229CDB8DA00898116 /* ContentView.swift */ = {isa = PBXFileReference; lastKnownFileType = sourcecode.swift; path = ContentView.swift; sourceTree = "<group>"; };
		1A1F42E429CDB8DC00898116 /* Assets.xcassets */ = {isa = PBXFileReference; lastKnownFileType = folder.assetcatalog; path = Assets.xcassets; sourceTree = "<group>"; };
		1A1F42E729CDB8DC00898116 /* Preview Assets.xcassets */ = {isa = PBXFileReference; lastKnownFileType = folder.assetcatalog; path = "Preview Assets.xcassets"; sourceTree = "<group>"; };
		1A1F42E929CDB8DC00898116 /* Persistence.swift */ = {isa = PBXFileReference; lastKnownFileType = sourcecode.swift; path = Persistence.swift; sourceTree = "<group>"; };
		1A1F42EC29CDB8DC00898116 /* bbp_expenseTracker.xcdatamodel */ = {isa = PBXFileReference; lastKnownFileType = wrapper.xcdatamodel; path = bbp_expenseTracker.xcdatamodel; sourceTree = "<group>"; };
		1A1F42F529CF580D00898116 /* SettingsView.swift */ = {isa = PBXFileReference; lastKnownFileType = sourcecode.swift; path = SettingsView.swift; sourceTree = "<group>"; };
		1A1F42F729CF5A5A00898116 /* VisitView.swift */ = {isa = PBXFileReference; lastKnownFileType = sourcecode.swift; path = VisitView.swift; sourceTree = "<group>"; };
		1A1F42F929CFA8D200898116 /* ShoppingListView.swift */ = {isa = PBXFileReference; lastKnownFileType = sourcecode.swift; path = ShoppingListView.swift; sourceTree = "<group>"; };
		1A1F42FD29CFACE700898116 /* ShoppingListItem.swift */ = {isa = PBXFileReference; lastKnownFileType = sourcecode.swift; path = ShoppingListItem.swift; sourceTree = "<group>"; };
		1A1F42FF29CFAD0200898116 /* ShoppingListViewModel.swift */ = {isa = PBXFileReference; lastKnownFileType = sourcecode.swift; path = ShoppingListViewModel.swift; sourceTree = "<group>"; };
		1A1F430129CFAD3000898116 /* ShoppingListItemView.swift */ = {isa = PBXFileReference; lastKnownFileType = sourcecode.swift; path = ShoppingListItemView.swift; sourceTree = "<group>"; };
		1A1F430329CFADCA00898116 /* EditItemView.swift */ = {isa = PBXFileReference; lastKnownFileType = sourcecode.swift; path = EditItemView.swift; sourceTree = "<group>"; };
		1A1F430529CFADE300898116 /* AddItemView.swift */ = {isa = PBXFileReference; lastKnownFileType = sourcecode.swift; path = AddItemView.swift; sourceTree = "<group>"; };
		1A1F430729D0984F00898116 /* Visiter.swift */ = {isa = PBXFileReference; lastKnownFileType = sourcecode.swift; path = Visiter.swift; sourceTree = "<group>"; };
		1A1F430929D0986F00898116 /* VisiterViewModel.swift */ = {isa = PBXFileReference; lastKnownFileType = sourcecode.swift; path = VisiterViewModel.swift; sourceTree = "<group>"; };
		1A1F430D29D098B300898116 /* VisiterView.swift */ = {isa = PBXFileReference; lastKnownFileType = sourcecode.swift; path = VisiterView.swift; sourceTree = "<group>"; };
		1A1F430F29D098F400898116 /* AddVisiterView.swift */ = {isa = PBXFileReference; lastKnownFileType = sourcecode.swift; path = AddVisiterView.swift; sourceTree = "<group>"; };
		1A1F431129D0997900898116 /* EditVisiterView.swift */ = {isa = PBXFileReference; lastKnownFileType = sourcecode.swift; path = EditVisiterView.swift; sourceTree = "<group>"; };
		1A1F431C29D100E200898116 /* PaymentType.swift */ = {isa = PBXFileReference; fileEncoding = 4; lastKnownFileType = sourcecode.swift; path = PaymentType.swift; sourceTree = "<group>"; };
		1A1F431D29D100E200898116 /* UnitType.swift */ = {isa = PBXFileReference; fileEncoding = 4; lastKnownFileType = sourcecode.swift; path = UnitType.swift; sourceTree = "<group>"; };
		1A1F431E29D100E200898116 /* ItemType.swift */ = {isa = PBXFileReference; fileEncoding = 4; lastKnownFileType = sourcecode.swift; path = ItemType.swift; sourceTree = "<group>"; };
		1A1F431F29D100E200898116 /* Store.swift */ = {isa = PBXFileReference; fileEncoding = 4; lastKnownFileType = sourcecode.swift; path = Store.swift; sourceTree = "<group>"; };
		1A1F432429D1010200898116 /* ItemTypeViewModel.swift */ = {isa = PBXFileReference; fileEncoding = 4; lastKnownFileType = sourcecode.swift; path = ItemTypeViewModel.swift; sourceTree = "<group>"; };
		1A1F432529D1010200898116 /* StoreViewModel.swift */ = {isa = PBXFileReference; fileEncoding = 4; lastKnownFileType = sourcecode.swift; path = StoreViewModel.swift; sourceTree = "<group>"; };
		1A1F432629D1010200898116 /* PaymentTypeViewModel.swift */ = {isa = PBXFileReference; fileEncoding = 4; lastKnownFileType = sourcecode.swift; path = PaymentTypeViewModel.swift; sourceTree = "<group>"; };
		1A1F432729D1010200898116 /* UnitTypeViewModel.swift */ = {isa = PBXFileReference; fileEncoding = 4; lastKnownFileType = sourcecode.swift; path = UnitTypeViewModel.swift; sourceTree = "<group>"; };
		1A1F432C29D1037800898116 /* ItemTypeView.swift */ = {isa = PBXFileReference; lastKnownFileType = sourcecode.swift; path = ItemTypeView.swift; sourceTree = "<group>"; };
		1A1F432D29D1037800898116 /* AddItemTypeView.swift */ = {isa = PBXFileReference; lastKnownFileType = sourcecode.swift; path = AddItemTypeView.swift; sourceTree = "<group>"; };
		1A1F432E29D1037800898116 /* EditItemTypeView.swift */ = {isa = PBXFileReference; lastKnownFileType = sourcecode.swift; path = EditItemTypeView.swift; sourceTree = "<group>"; };
		1A1F433229D1037C00898116 /* AddPaymentTypeView.swift */ = {isa = PBXFileReference; lastKnownFileType = sourcecode.swift; path = AddPaymentTypeView.swift; sourceTree = "<group>"; };
		1A1F433329D1037D00898116 /* EditPaymentTypeView.swift */ = {isa = PBXFileReference; lastKnownFileType = sourcecode.swift; path = EditPaymentTypeView.swift; sourceTree = "<group>"; };
		1A1F433429D1037D00898116 /* PaymentTypeView.swift */ = {isa = PBXFileReference; lastKnownFileType = sourcecode.swift; path = PaymentTypeView.swift; sourceTree = "<group>"; };
		1A1F433829D1038100898116 /* AddUnitTypeView.swift */ = {isa = PBXFileReference; lastKnownFileType = sourcecode.swift; path = AddUnitTypeView.swift; sourceTree = "<group>"; };
		1A1F433929D1038100898116 /* EditUnitTypeView.swift */ = {isa = PBXFileReference; lastKnownFileType = sourcecode.swift; path = EditUnitTypeView.swift; sourceTree = "<group>"; };
		1A1F433A29D1038100898116 /* UnitTypeView.swift */ = {isa = PBXFileReference; lastKnownFileType = sourcecode.swift; path = UnitTypeView.swift; sourceTree = "<group>"; };
		1A1F433E29D1038400898116 /* AddStoreView.swift */ = {isa = PBXFileReference; lastKnownFileType = sourcecode.swift; path = AddStoreView.swift; sourceTree = "<group>"; };
		1A1F433F29D1038500898116 /* EditStoreView.swift */ = {isa = PBXFileReference; lastKnownFileType = sourcecode.swift; path = EditStoreView.swift; sourceTree = "<group>"; };
		1A1F434029D1038500898116 /* StoreView.swift */ = {isa = PBXFileReference; lastKnownFileType = sourcecode.swift; path = StoreView.swift; sourceTree = "<group>"; };
		1A1F434829D28C7F00898116 /* ExpenseItem.swift */ = {isa = PBXFileReference; lastKnownFileType = sourcecode.swift; path = ExpenseItem.swift; sourceTree = "<group>"; };
		1A1F434A29D28C9900898116 /* ExpenseItemViewModel.swift */ = {isa = PBXFileReference; lastKnownFileType = sourcecode.swift; path = ExpenseItemViewModel.swift; sourceTree = "<group>"; };
		1A1F434C29D28CB300898116 /* StoreVisitView.swift */ = {isa = PBXFileReference; lastKnownFileType = sourcecode.swift; path = StoreVisitView.swift; sourceTree = "<group>"; };
		1A1F434F29D2909600898116 /* MultiSelectPicker.swift */ = {isa = PBXFileReference; lastKnownFileType = sourcecode.swift; path = MultiSelectPicker.swift; sourceTree = "<group>"; };
		1A1F435229D454ED00898116 /* AddExpenseItemView.swift */ = {isa = PBXFileReference; lastKnownFileType = sourcecode.swift; path = AddExpenseItemView.swift; sourceTree = "<group>"; };
		1A1F435429D4737800898116 /* ExpenseItemsListView.swift */ = {isa = PBXFileReference; lastKnownFileType = sourcecode.swift; path = ExpenseItemsListView.swift; sourceTree = "<group>"; };
		1A1F435629D473B500898116 /* EditExpenseItemView.swift */ = {isa = PBXFileReference; lastKnownFileType = sourcecode.swift; path = EditExpenseItemView.swift; sourceTree = "<group>"; };
		1AF4BD5F29D506EF00B6EA23 /* ExpensesView.swift */ = {isa = PBXFileReference; lastKnownFileType = sourcecode.swift; path = ExpensesView.swift; sourceTree = "<group>"; };
		1AF4BD6129D5B8B400B6EA23 /* StoreVisit.swift */ = {isa = PBXFileReference; lastKnownFileType = sourcecode.swift; path = StoreVisit.swift; sourceTree = "<group>"; };
		1AF4BD6329D5B8D200B6EA23 /* StoreVisitViewModel.swift */ = {isa = PBXFileReference; lastKnownFileType = sourcecode.swift; path = StoreVisitViewModel.swift; sourceTree = "<group>"; };
		1AF4BD6529D5B8F400B6EA23 /* StoreVisitListView.swift */ = {isa = PBXFileReference; lastKnownFileType = sourcecode.swift; path = StoreVisitListView.swift; sourceTree = "<group>"; };
/* End PBXFileReference section */

/* Begin PBXFrameworksBuildPhase section */
		1A1F42DA29CDB8DA00898116 /* Frameworks */ = {
			isa = PBXFrameworksBuildPhase;
			buildActionMask = 2147483647;
			files = (
			);
			runOnlyForDeploymentPostprocessing = 0;
		};
/* End PBXFrameworksBuildPhase section */

/* Begin PBXGroup section */
		1A1F42D429CDB8DA00898116 = {
			isa = PBXGroup;
			children = (
				1A1F42DF29CDB8DA00898116 /* bbp.expenseTracker */,
				1A1F42DE29CDB8DA00898116 /* Products */,
			);
			sourceTree = "<group>";
		};
		1A1F42DE29CDB8DA00898116 /* Products */ = {
			isa = PBXGroup;
			children = (
				1A1F42DD29CDB8DA00898116 /* bbp.expenseTracker.app */,
			);
			name = Products;
			sourceTree = "<group>";
		};
		1A1F42DF29CDB8DA00898116 /* bbp.expenseTracker */ = {
			isa = PBXGroup;
			children = (
				1A1F430B29D0988C00898116 /* views */,
				1A1F42FC29CFACBB00898116 /* viewModels */,
				1A1F42FB29CFACB000898116 /* models */,
				1A1F42E029CDB8DA00898116 /* bbp_expenseTrackerApp.swift */,
				1A1F42E229CDB8DA00898116 /* ContentView.swift */,
				1A1F42E429CDB8DC00898116 /* Assets.xcassets */,
				1A1F42E929CDB8DC00898116 /* Persistence.swift */,
				1A1F42EB29CDB8DC00898116 /* bbp_expenseTracker.xcdatamodeld */,
				1A1F42E629CDB8DC00898116 /* Preview Content */,
			);
			path = bbp.expenseTracker;
			sourceTree = "<group>";
		};
		1A1F42E629CDB8DC00898116 /* Preview Content */ = {
			isa = PBXGroup;
			children = (
				1A1F42E729CDB8DC00898116 /* Preview Assets.xcassets */,
			);
			path = "Preview Content";
			sourceTree = "<group>";
		};
		1A1F42FB29CFACB000898116 /* models */ = {
			isa = PBXGroup;
			children = (
				1A1F431E29D100E200898116 /* ItemType.swift */,
				1A1F431C29D100E200898116 /* PaymentType.swift */,
				1A1F431F29D100E200898116 /* Store.swift */,
				1A1F431D29D100E200898116 /* UnitType.swift */,
				1A1F42FD29CFACE700898116 /* ShoppingListItem.swift */,
				1A1F430729D0984F00898116 /* Visiter.swift */,
				1A1F434829D28C7F00898116 /* ExpenseItem.swift */,
				1AF4BD6129D5B8B400B6EA23 /* StoreVisit.swift */,
			);
			path = models;
			sourceTree = "<group>";
		};
		1A1F42FC29CFACBB00898116 /* viewModels */ = {
			isa = PBXGroup;
			children = (
				1A1F432429D1010200898116 /* ItemTypeViewModel.swift */,
				1A1F432629D1010200898116 /* PaymentTypeViewModel.swift */,
				1A1F432529D1010200898116 /* StoreViewModel.swift */,
				1A1F432729D1010200898116 /* UnitTypeViewModel.swift */,
				1A1F42FF29CFAD0200898116 /* ShoppingListViewModel.swift */,
				1A1F430929D0986F00898116 /* VisiterViewModel.swift */,
				1A1F434A29D28C9900898116 /* ExpenseItemViewModel.swift */,
				1AF4BD6329D5B8D200B6EA23 /* StoreVisitViewModel.swift */,
			);
			path = viewModels;
			sourceTree = "<group>";
		};
		1A1F430B29D0988C00898116 /* views */ = {
			isa = PBXGroup;
			children = (
				1A1F435129D454D700898116 /* expenseItem */,
				1A1F434E29D2908000898116 /* custom */,
				1A1F434529D2899900898116 /* shoppingList */,
				1A1F434429D2892400898116 /* visit */,
				1A1F430C29D0989800898116 /* settings */,
			);
			path = views;
			sourceTree = "<group>";
		};
		1A1F430C29D0989800898116 /* settings */ = {
			isa = PBXGroup;
			children = (
				1A1F432D29D1037800898116 /* AddItemTypeView.swift */,
				1A1F433229D1037C00898116 /* AddPaymentTypeView.swift */,
				1A1F433E29D1038400898116 /* AddStoreView.swift */,
				1A1F433829D1038100898116 /* AddUnitTypeView.swift */,
				1A1F430F29D098F400898116 /* AddVisiterView.swift */,
				1A1F432E29D1037800898116 /* EditItemTypeView.swift */,
				1A1F433329D1037D00898116 /* EditPaymentTypeView.swift */,
				1A1F433F29D1038500898116 /* EditStoreView.swift */,
				1A1F433929D1038100898116 /* EditUnitTypeView.swift */,
				1A1F431129D0997900898116 /* EditVisiterView.swift */,
				1A1F432C29D1037800898116 /* ItemTypeView.swift */,
				1A1F433429D1037D00898116 /* PaymentTypeView.swift */,
				1A1F42F529CF580D00898116 /* SettingsView.swift */,
				1A1F434029D1038500898116 /* StoreView.swift */,
				1A1F433A29D1038100898116 /* UnitTypeView.swift */,
				1A1F430D29D098B300898116 /* VisiterView.swift */,
			);
			path = settings;
			sourceTree = "<group>";
		};
		1A1F434429D2892400898116 /* visit */ = {
			isa = PBXGroup;
			children = (
				1A1F42F729CF5A5A00898116 /* VisitView.swift */,
				1A1F434C29D28CB300898116 /* StoreVisitView.swift */,
				1AF4BD6529D5B8F400B6EA23 /* StoreVisitListView.swift */,
			);
			path = visit;
			sourceTree = "<group>";
		};
		1A1F434529D2899900898116 /* shoppingList */ = {
			isa = PBXGroup;
			children = (
				1A1F430529CFADE300898116 /* AddItemView.swift */,
				1A1F430329CFADCA00898116 /* EditItemView.swift */,
				1A1F430129CFAD3000898116 /* ShoppingListItemView.swift */,
				1A1F42F929CFA8D200898116 /* ShoppingListView.swift */,
			);
			path = shoppingList;
			sourceTree = "<group>";
		};
		1A1F434E29D2908000898116 /* custom */ = {
			isa = PBXGroup;
			children = (
				1A1F434F29D2909600898116 /* MultiSelectPicker.swift */,
			);
			path = custom;
			sourceTree = "<group>";
		};
		1A1F435129D454D700898116 /* expenseItem */ = {
			isa = PBXGroup;
			children = (
				1A1F435229D454ED00898116 /* AddExpenseItemView.swift */,
				1A1F435429D4737800898116 /* ExpenseItemsListView.swift */,
				1A1F435629D473B500898116 /* EditExpenseItemView.swift */,
				1AF4BD5F29D506EF00B6EA23 /* ExpensesView.swift */,
			);
			path = expenseItem;
			sourceTree = "<group>";
		};
/* End PBXGroup section */

/* Begin PBXNativeTarget section */
		1A1F42DC29CDB8DA00898116 /* bbp.expenseTracker */ = {
			isa = PBXNativeTarget;
			buildConfigurationList = 1A1F42F029CDB8DC00898116 /* Build configuration list for PBXNativeTarget "bbp.expenseTracker" */;
			buildPhases = (
				1A1F42D929CDB8DA00898116 /* Sources */,
				1A1F42DA29CDB8DA00898116 /* Frameworks */,
				1A1F42DB29CDB8DA00898116 /* Resources */,
			);
			buildRules = (
			);
			dependencies = (
			);
			name = bbp.expenseTracker;
			productName = bbp.expenseTracker;
			productReference = 1A1F42DD29CDB8DA00898116 /* bbp.expenseTracker.app */;
			productType = "com.apple.product-type.application";
		};
/* End PBXNativeTarget section */

/* Begin PBXProject section */
		1A1F42D529CDB8DA00898116 /* Project object */ = {
			isa = PBXProject;
			attributes = {
				BuildIndependentTargetsInParallel = 1;
				LastSwiftUpdateCheck = 1420;
				LastUpgradeCheck = 1420;
				TargetAttributes = {
					1A1F42DC29CDB8DA00898116 = {
						CreatedOnToolsVersion = 14.2;
					};
				};
			};
			buildConfigurationList = 1A1F42D829CDB8DA00898116 /* Build configuration list for PBXProject "bbp.expenseTracker" */;
			compatibilityVersion = "Xcode 14.0";
			developmentRegion = en;
			hasScannedForEncodings = 0;
			knownRegions = (
				en,
				Base,
			);
			mainGroup = 1A1F42D429CDB8DA00898116;
			productRefGroup = 1A1F42DE29CDB8DA00898116 /* Products */;
			projectDirPath = "";
			projectRoot = "";
			targets = (
				1A1F42DC29CDB8DA00898116 /* bbp.expenseTracker */,
			);
		};
/* End PBXProject section */

/* Begin PBXResourcesBuildPhase section */
		1A1F42DB29CDB8DA00898116 /* Resources */ = {
			isa = PBXResourcesBuildPhase;
			buildActionMask = 2147483647;
			files = (
				1A1F42E829CDB8DC00898116 /* Preview Assets.xcassets in Resources */,
				1A1F42E529CDB8DC00898116 /* Assets.xcassets in Resources */,
			);
			runOnlyForDeploymentPostprocessing = 0;
		};
/* End PBXResourcesBuildPhase section */

/* Begin PBXSourcesBuildPhase section */
		1A1F42D929CDB8DA00898116 /* Sources */ = {
			isa = PBXSourcesBuildPhase;
			buildActionMask = 2147483647;
			files = (
				1A1F435529D4737800898116 /* ExpenseItemsListView.swift in Sources */,
				1A1F432329D100E200898116 /* Store.swift in Sources */,
				1A1F432929D1010200898116 /* StoreViewModel.swift in Sources */,
				1A1F42F829CF5A5A00898116 /* VisitView.swift in Sources */,
				1A1F432129D100E200898116 /* UnitType.swift in Sources */,
				1A1F432229D100E200898116 /* ItemType.swift in Sources */,
				1A1F432F29D1037800898116 /* AddItemTypeView.swift in Sources */,
				1A1F42FA29CFA8D200898116 /* ShoppingListView.swift in Sources */,
				1A1F42F629CF580D00898116 /* SettingsView.swift in Sources */,
				1A1F42EA29CDB8DC00898116 /* Persistence.swift in Sources */,
				1A1F435029D2909600898116 /* MultiSelectPicker.swift in Sources */,
				1A1F432029D100E200898116 /* PaymentType.swift in Sources */,
				1A1F435729D473B500898116 /* EditExpenseItemView.swift in Sources */,
				1AF4BD6429D5B8D200B6EA23 /* StoreVisitViewModel.swift in Sources */,
				1A1F434329D1038500898116 /* StoreView.swift in Sources */,
				1A1F432A29D1010200898116 /* PaymentTypeViewModel.swift in Sources */,
				1A1F433629D1037D00898116 /* AddPaymentTypeView.swift in Sources */,
				1A1F430029CFAD0200898116 /* ShoppingListViewModel.swift in Sources */,
				1A1F433529D1037D00898116 /* EditPaymentTypeView.swift in Sources */,
				1A1F435329D454ED00898116 /* AddExpenseItemView.swift in Sources */,
				1A1F434929D28C7F00898116 /* ExpenseItem.swift in Sources */,
				1A1F430229CFAD3000898116 /* ShoppingListItemView.swift in Sources */,
				1A1F430429CFADCA00898116 /* EditItemView.swift in Sources */,
				1A1F434229D1038500898116 /* EditStoreView.swift in Sources */,
				1A1F431229D0997900898116 /* EditVisiterView.swift in Sources */,
				1A1F430E29D098B300898116 /* VisiterView.swift in Sources */,
				1A1F430629CFADE300898116 /* AddItemView.swift in Sources */,
				1A1F434B29D28C9900898116 /* ExpenseItemViewModel.swift in Sources */,
				1A1F431029D098F400898116 /* AddVisiterView.swift in Sources */,
				1A1F432829D1010200898116 /* ItemTypeViewModel.swift in Sources */,
				1A1F42FE29CFACE700898116 /* ShoppingListItem.swift in Sources */,
				1A1F433B29D1038100898116 /* AddUnitTypeView.swift in Sources */,
				1A1F432B29D1010200898116 /* UnitTypeViewModel.swift in Sources */,
				1A1F433C29D1038100898116 /* UnitTypeView.swift in Sources */,
				1A1F430829D0984F00898116 /* Visiter.swift in Sources */,
				1A1F434D29D28CB300898116 /* StoreVisitView.swift in Sources */,
				1A1F433029D1037800898116 /* ItemTypeView.swift in Sources */,
				1A1F42E329CDB8DA00898116 /* ContentView.swift in Sources */,
				1AF4BD6629D5B8F400B6EA23 /* StoreVisitListView.swift in Sources */,
				1AF4BD6229D5B8B400B6EA23 /* StoreVisit.swift in Sources */,
				1A1F434129D1038500898116 /* AddStoreView.swift in Sources */,
				1A1F433D29D1038100898116 /* EditUnitTypeView.swift in Sources */,
				1A1F42ED29CDB8DC00898116 /* bbp_expenseTracker.xcdatamodeld in Sources */,
				1A1F42E129CDB8DA00898116 /* bbp_expenseTrackerApp.swift in Sources */,
				1A1F430A29D0986F00898116 /* VisiterViewModel.swift in Sources */,
				1A1F433729D1037D00898116 /* PaymentTypeView.swift in Sources */,
				1AF4BD6029D506EF00B6EA23 /* ExpensesView.swift in Sources */,
				1A1F433129D1037800898116 /* EditItemTypeView.swift in Sources */,
			);
			runOnlyForDeploymentPostprocessing = 0;
		};
/* End PBXSourcesBuildPhase section */

/* Begin XCBuildConfiguration section */
		1A1F42EE29CDB8DC00898116 /* Debug */ = {
			isa = XCBuildConfiguration;
			buildSettings = {
				ALWAYS_SEARCH_USER_PATHS = NO;
				CLANG_ANALYZER_NONNULL = YES;
				CLANG_ANALYZER_NUMBER_OBJECT_CONVERSION = YES_AGGRESSIVE;
				CLANG_CXX_LANGUAGE_STANDARD = "gnu++20";
				CLANG_ENABLE_MODULES = YES;
				CLANG_ENABLE_OBJC_ARC = YES;
				CLANG_ENABLE_OBJC_WEAK = YES;
				CLANG_WARN_BLOCK_CAPTURE_AUTORELEASING = YES;
				CLANG_WARN_BOOL_CONVERSION = YES;
				CLANG_WARN_COMMA = YES;
				CLANG_WARN_CONSTANT_CONVERSION = YES;
				CLANG_WARN_DEPRECATED_OBJC_IMPLEMENTATIONS = YES;
				CLANG_WARN_DIRECT_OBJC_ISA_USAGE = YES_ERROR;
				CLANG_WARN_DOCUMENTATION_COMMENTS = YES;
				CLANG_WARN_EMPTY_BODY = YES;
				CLANG_WARN_ENUM_CONVERSION = YES;
				CLANG_WARN_INFINITE_RECURSION = YES;
				CLANG_WARN_INT_CONVERSION = YES;
				CLANG_WARN_NON_LITERAL_NULL_CONVERSION = YES;
				CLANG_WARN_OBJC_IMPLICIT_RETAIN_SELF = YES;
				CLANG_WARN_OBJC_LITERAL_CONVERSION = YES;
				CLANG_WARN_OBJC_ROOT_CLASS = YES_ERROR;
				CLANG_WARN_QUOTED_INCLUDE_IN_FRAMEWORK_HEADER = YES;
				CLANG_WARN_RANGE_LOOP_ANALYSIS = YES;
				CLANG_WARN_STRICT_PROTOTYPES = YES;
				CLANG_WARN_SUSPICIOUS_MOVE = YES;
				CLANG_WARN_UNGUARDED_AVAILABILITY = YES_AGGRESSIVE;
				CLANG_WARN_UNREACHABLE_CODE = YES;
				CLANG_WARN__DUPLICATE_METHOD_MATCH = YES;
				COPY_PHASE_STRIP = NO;
				DEBUG_INFORMATION_FORMAT = dwarf;
				ENABLE_STRICT_OBJC_MSGSEND = YES;
				ENABLE_TESTABILITY = YES;
				GCC_C_LANGUAGE_STANDARD = gnu11;
				GCC_DYNAMIC_NO_PIC = NO;
				GCC_NO_COMMON_BLOCKS = YES;
				GCC_OPTIMIZATION_LEVEL = 0;
				GCC_PREPROCESSOR_DEFINITIONS = (
					"DEBUG=1",
					"$(inherited)",
				);
				GCC_WARN_64_TO_32_BIT_CONVERSION = YES;
				GCC_WARN_ABOUT_RETURN_TYPE = YES_ERROR;
				GCC_WARN_UNDECLARED_SELECTOR = YES;
				GCC_WARN_UNINITIALIZED_AUTOS = YES_AGGRESSIVE;
				GCC_WARN_UNUSED_FUNCTION = YES;
				GCC_WARN_UNUSED_VARIABLE = YES;
				IPHONEOS_DEPLOYMENT_TARGET = 16.2;
				MTL_ENABLE_DEBUG_INFO = INCLUDE_SOURCE;
				MTL_FAST_MATH = YES;
				ONLY_ACTIVE_ARCH = YES;
				SDKROOT = iphoneos;
				SWIFT_ACTIVE_COMPILATION_CONDITIONS = DEBUG;
				SWIFT_OPTIMIZATION_LEVEL = "-Onone";
			};
			name = Debug;
		};
		1A1F42EF29CDB8DC00898116 /* Release */ = {
			isa = XCBuildConfiguration;
			buildSettings = {
				ALWAYS_SEARCH_USER_PATHS = NO;
				CLANG_ANALYZER_NONNULL = YES;
				CLANG_ANALYZER_NUMBER_OBJECT_CONVERSION = YES_AGGRESSIVE;
				CLANG_CXX_LANGUAGE_STANDARD = "gnu++20";
				CLANG_ENABLE_MODULES = YES;
				CLANG_ENABLE_OBJC_ARC = YES;
				CLANG_ENABLE_OBJC_WEAK = YES;
				CLANG_WARN_BLOCK_CAPTURE_AUTORELEASING = YES;
				CLANG_WARN_BOOL_CONVERSION = YES;
				CLANG_WARN_COMMA = YES;
				CLANG_WARN_CONSTANT_CONVERSION = YES;
				CLANG_WARN_DEPRECATED_OBJC_IMPLEMENTATIONS = YES;
				CLANG_WARN_DIRECT_OBJC_ISA_USAGE = YES_ERROR;
				CLANG_WARN_DOCUMENTATION_COMMENTS = YES;
				CLANG_WARN_EMPTY_BODY = YES;
				CLANG_WARN_ENUM_CONVERSION = YES;
				CLANG_WARN_INFINITE_RECURSION = YES;
				CLANG_WARN_INT_CONVERSION = YES;
				CLANG_WARN_NON_LITERAL_NULL_CONVERSION = YES;
				CLANG_WARN_OBJC_IMPLICIT_RETAIN_SELF = YES;
				CLANG_WARN_OBJC_LITERAL_CONVERSION = YES;
				CLANG_WARN_OBJC_ROOT_CLASS = YES_ERROR;
				CLANG_WARN_QUOTED_INCLUDE_IN_FRAMEWORK_HEADER = YES;
				CLANG_WARN_RANGE_LOOP_ANALYSIS = YES;
				CLANG_WARN_STRICT_PROTOTYPES = YES;
				CLANG_WARN_SUSPICIOUS_MOVE = YES;
				CLANG_WARN_UNGUARDED_AVAILABILITY = YES_AGGRESSIVE;
				CLANG_WARN_UNREACHABLE_CODE = YES;
				CLANG_WARN__DUPLICATE_METHOD_MATCH = YES;
				COPY_PHASE_STRIP = NO;
				DEBUG_INFORMATION_FORMAT = "dwarf-with-dsym";
				ENABLE_NS_ASSERTIONS = NO;
				ENABLE_STRICT_OBJC_MSGSEND = YES;
				GCC_C_LANGUAGE_STANDARD = gnu11;
				GCC_NO_COMMON_BLOCKS = YES;
				GCC_WARN_64_TO_32_BIT_CONVERSION = YES;
				GCC_WARN_ABOUT_RETURN_TYPE = YES_ERROR;
				GCC_WARN_UNDECLARED_SELECTOR = YES;
				GCC_WARN_UNINITIALIZED_AUTOS = YES_AGGRESSIVE;
				GCC_WARN_UNUSED_FUNCTION = YES;
				GCC_WARN_UNUSED_VARIABLE = YES;
				IPHONEOS_DEPLOYMENT_TARGET = 16.2;
				MTL_ENABLE_DEBUG_INFO = NO;
				MTL_FAST_MATH = YES;
				SDKROOT = iphoneos;
				SWIFT_COMPILATION_MODE = wholemodule;
				SWIFT_OPTIMIZATION_LEVEL = "-O";
				VALIDATE_PRODUCT = YES;
			};
			name = Release;
		};
		1A1F42F129CDB8DC00898116 /* Debug */ = {
			isa = XCBuildConfiguration;
			buildSettings = {
				ASSETCATALOG_COMPILER_APPICON_NAME = AppIcon;
				ASSETCATALOG_COMPILER_GLOBAL_ACCENT_COLOR_NAME = AccentColor;
				CODE_SIGN_STYLE = Automatic;
				CURRENT_PROJECT_VERSION = 1;
				DEVELOPMENT_ASSET_PATHS = "\"bbp.expenseTracker/Preview Content\"";
				DEVELOPMENT_TEAM = TX6723V98J;
				ENABLE_PREVIEWS = YES;
				GENERATE_INFOPLIST_FILE = YES;
				INFOPLIST_KEY_UIApplicationSceneManifest_Generation = YES;
				INFOPLIST_KEY_UIApplicationSupportsIndirectInputEvents = YES;
				INFOPLIST_KEY_UILaunchScreen_Generation = YES;
				INFOPLIST_KEY_UISupportedInterfaceOrientations_iPad = "UIInterfaceOrientationPortrait UIInterfaceOrientationPortraitUpsideDown UIInterfaceOrientationLandscapeLeft UIInterfaceOrientationLandscapeRight";
				INFOPLIST_KEY_UISupportedInterfaceOrientations_iPhone = "UIInterfaceOrientationPortrait UIInterfaceOrientationLandscapeLeft UIInterfaceOrientationLandscapeRight";
				LD_RUNPATH_SEARCH_PATHS = (
					"$(inherited)",
					"@executable_path/Frameworks",
				);
				MARKETING_VERSION = 1.0;
				PRODUCT_BUNDLE_IDENTIFIER = "com.opd.bbp-expenseTracker";
				PRODUCT_NAME = "$(TARGET_NAME)";
				SWIFT_EMIT_LOC_STRINGS = YES;
				SWIFT_VERSION = 5.0;
				TARGETED_DEVICE_FAMILY = "1,2";
			};
			name = Debug;
		};
		1A1F42F229CDB8DC00898116 /* Release */ = {
			isa = XCBuildConfiguration;
			buildSettings = {
				ASSETCATALOG_COMPILER_APPICON_NAME = AppIcon;
				ASSETCATALOG_COMPILER_GLOBAL_ACCENT_COLOR_NAME = AccentColor;
				CODE_SIGN_STYLE = Automatic;
				CURRENT_PROJECT_VERSION = 1;
				DEVELOPMENT_ASSET_PATHS = "\"bbp.expenseTracker/Preview Content\"";
				DEVELOPMENT_TEAM = TX6723V98J;
				ENABLE_PREVIEWS = YES;
				GENERATE_INFOPLIST_FILE = YES;
				INFOPLIST_KEY_UIApplicationSceneManifest_Generation = YES;
				INFOPLIST_KEY_UIApplicationSupportsIndirectInputEvents = YES;
				INFOPLIST_KEY_UILaunchScreen_Generation = YES;
				INFOPLIST_KEY_UISupportedInterfaceOrientations_iPad = "UIInterfaceOrientationPortrait UIInterfaceOrientationPortraitUpsideDown UIInterfaceOrientationLandscapeLeft UIInterfaceOrientationLandscapeRight";
				INFOPLIST_KEY_UISupportedInterfaceOrientations_iPhone = "UIInterfaceOrientationPortrait UIInterfaceOrientationLandscapeLeft UIInterfaceOrientationLandscapeRight";
				LD_RUNPATH_SEARCH_PATHS = (
					"$(inherited)",
					"@executable_path/Frameworks",
				);
				MARKETING_VERSION = 1.0;
				PRODUCT_BUNDLE_IDENTIFIER = "com.opd.bbp-expenseTracker";
				PRODUCT_NAME = "$(TARGET_NAME)";
				SWIFT_EMIT_LOC_STRINGS = YES;
				SWIFT_VERSION = 5.0;
				TARGETED_DEVICE_FAMILY = "1,2";
			};
			name = Release;
		};
/* End XCBuildConfiguration section */

/* Begin XCConfigurationList section */
		1A1F42D829CDB8DA00898116 /* Build configuration list for PBXProject "bbp.expenseTracker" */ = {
			isa = XCConfigurationList;
			buildConfigurations = (
				1A1F42EE29CDB8DC00898116 /* Debug */,
				1A1F42EF29CDB8DC00898116 /* Release */,
			);
			defaultConfigurationIsVisible = 0;
			defaultConfigurationName = Release;
		};
		1A1F42F029CDB8DC00898116 /* Build configuration list for PBXNativeTarget "bbp.expenseTracker" */ = {
			isa = XCConfigurationList;
			buildConfigurations = (
				1A1F42F129CDB8DC00898116 /* Debug */,
				1A1F42F229CDB8DC00898116 /* Release */,
			);
			defaultConfigurationIsVisible = 0;
			defaultConfigurationName = Release;
		};
/* End XCConfigurationList section */

/* Begin XCVersionGroup section */
		1A1F42EB29CDB8DC00898116 /* bbp_expenseTracker.xcdatamodeld */ = {
			isa = XCVersionGroup;
			children = (
				1A1F42EC29CDB8DC00898116 /* bbp_expenseTracker.xcdatamodel */,
			);
			currentVersion = 1A1F42EC29CDB8DC00898116 /* bbp_expenseTracker.xcdatamodel */;
			path = bbp_expenseTracker.xcdatamodeld;
			sourceTree = "<group>";
			versionGroupType = wrapper.xcdatamodel;
		};
/* End XCVersionGroup section */
	};
	rootObject = 1A1F42D529CDB8DA00898116 /* Project object */;
}
